{
  "name": "web3modal",
  "version": "2.0.0",
  "lockfileVersion": 3,
  "requires": true,
  "packages": {
    "": {
      "name": "web3modal",
      "version": "2.0.0",
      "workspaces": [
        "chains/ethereum",
        "packages/core",
        "packages/ui",
        "packages/react",
        "packages/html",
        "laboratory"
   ],
      "devDependencies": {
        "@rollup/plugin-commonjs": "25.0.2",
        "@rollup/plugin-json": "6.0.0",
   "@rollup/plugin-node-resolve": "15.1.0",
