{
  "name": "web3modal",
  "version": "2.0.0",
  "lockfileVersion": 3,
  "requires": true,
  "packages": {
    "": {
      "name": "web3modal",
      "version": "2.0.0",
      "workspaces": [
        "chains/ethereum",
        "packages/core",
        "packages/ui",
        "packages/react",
        "packages/html",
        "laboratory"
   ],
      "devDependencies": {
        "@rollup/plugin-commonjs": "25.0.2",
        "@rollup/plugin-json": "6.0.0",
   "@rollup/plugin-node-resolve": "15.1.0",
        "@rollup/plugin-replace": "5.0.2",
        "@types/node": "20.4.1",
        "@types/react": "18.2.14",
        "@types/react-dom": "18.2.6",
        "@typescript-eslint/eslint-plugin": "6.0.0",
        "@typescript-eslint/parser": "6.0.0",
        "esbuild": "0.17.9",
        "eslint": "8.44.0",
        "eslint-config-prettier": "8.8.0",
        "eslint-plugin-react": "7.32.2",
        "eslint-plugin-react-hooks": "4.6.0",
        "lerna": "7.1.1",
        "prettier": "3.0.0",
        "rollup": "3.26.2",
        "rollup-plugin-esbuild": "5.0.0",
        "rollup-plugin-lit-css": "4.0.1",
        "rollup-plugin-minify-html-literals": "1.2.6",
        "rollup-plugin-polyfill-node": "0.12.0",
        "typescript": "5.1.6"
      }
    },
    "chains/ethereum": {
      "name": "@web3modal/ethereum",
      "version": "2.7.1",
      "license": "Apache-2.0",
      "devDependencies": {
        "@wagmi/core": "^1",
        "viem": "^1"
      },
      "peerDependencies": {
        "@wagmi/core": ">=1",
        "viem": ">=1"
        "viem": ">=1"
      }
    },
    "laboratory": {
      "version": "2.7.1",
      "dependencies": {
        "@nextui-org/react": "1.0.0-beta.13",
        "@sentry/react": "7.60.0",
        "@nextui-org/react": "1.0.0-beta.13",
        "@sentry/react": "7.60.0",
        "@sentry/tracing": "7.60.0",
  "@web3modal/ethereum": "2.7.1",
        "@web3modal/react": "2.7.1",
        "next": "13.4.12",
        "react": "18.2.0",
        "react-dom": "18.2.0",
        "react-hot-toast": "2.4.1",
        "valtio": "1.11.0",
        "viem": "1.4.1",
        "wagmi": "1.3.9"
      }
    },
    "node_modules/@aashutoshrathi/word-wrap": {
      "version": "1.2.6",
      "resolved": "https://registry.npmjs.org/@aashutoshrathi/word-wrap/-/word-wrap-1.2.6.tgz",
      "integrity": "sha512-1Yjs2SvM8TflER/OD3cOjhWWOZb58A2t7wpE2S9XfBYTiIl+XFhQG2bjy4Pu1I+EAlCNUzRDYDdFwFYUKvXcIA==",
      "dev": true,
      "dev": true,
      "engines": {
        "node": ">=0.10.0"
      }
    },
    "node_modules/@adraffy/ens-normalize": {
      "version": "1.9.0",
      "resolved": "https://registry.npmjs.org/@adraffy/ens-normalize/-/ens-normalize-1.9.0.tgz",
      "integrity": "sha512-iowxq3U30sghZotgl4s/oJRci6WPBfNO5YYgk2cIOMCHr3LeGPcsZjCEr+33Q4N+oV3OABDAtA+pyvWjbvBifQ=="
    },
    "node_modules/@babel/code-frame": {
      "version": "7.22.5",
      "resolved": "https://registry.npmjs.org/@babel/code-frame/-/code-frame-7.22.5.tgz",
      "integrity": "sha512-Xmwn266vad+6DAqEB2A6V/CcZVp62BbwVmcOJc2RPuwih1kw02TjQvWVWlcKGbBPd+8/0V5DEkOcizRGYsspYQ==",
      "dev": true,
      "dependencies": {
        "@babel/highlight": "^7.22.5"
      },
      "engines": {
        "node": ">=6.9.0"
      }
    },
    "node_modules/@babel/helper-validator-identifier": {
      "version": "7.22.5",
      "resolved": "https://registry.npmjs.org/@babel/helper-validator-identifier/-/helper-validator-identifier-7.22.5.tgz",
      "integrity": "sha512-aJXu+6lErq8ltp+JhkJUfk1MTGyuA4v7f3pA+BJ5HLfNC6nAQ0Cpi9uOquUj8Hehg0aUiHzWQbOVJGao6ztBAQ==",
      "dev": true,
      "engines": {
        "node": ">=6.9.0"
      }
    },
    "node_modules/@babel/highlight": {
      "version": "7.22.5",
      "resolved": "https://registry.npmjs.org/@babel/highlight/-/highlight-7.22.5.tgz",
      "integrity": "sha512-BSKlD1hgnedS5XRnGOljZawtag7H1yPfQp0tdNJCHoH6AZ+Pcm9VvkrK59/Yy593Ypg0zMxH2BxD1VPYUQ7UIw==",
      "dev": true,
      "dependencies": {
        "@babel/helper-validator-identifier": "^7.22.5",
        "chalk": "^2.0.0",
        "js-tokens": "^4.0.0"
      },
      "engines": {
        "node": ">=6.9.0"
      }
    },
    "node_modules/@babel/highlight/node_modules/ansi-styles": {
      "version": "3.2.1",
      "resolved": "https://registry.npmjs.org/ansi-styles/-/ansi-styles-3.2.1.tgz",
      "integrity": "sha512-VT0ZI6kZRdTh8YyJw3SMbYm/u+NqfsAxEpWO0Pf9sq8/e94WxxOpPKx9FR1FlyCtOVDNOQ+8ntlqFxiRc+r5qA==",
      "dev": true,
      "dependencies": {
        "color-convert": "^1.9.0"
      },
      "engines": {
        "node": ">=4"
      }
    },
    "node_modules/@babel/highlight/node_modules/chalk": {
      "version": "2.4.2",
      "resolved": "https://registry.npmjs.org/chalk/-/chalk-2.4.2.tgz",
      "integrity": "sha512-Mti+f9lpJNcwF4tWV8/OrTTtF1gZi+f8FqlyAdouralcFWFQWF2+NgCHShjkCb+IFBLq9buZwE1xckQU4peSuQ==",
      "dev": true,
      "dependencies": {
        "ansi-styles": "^3.2.1",
        "escape-string-regexp": "^1.0.5",
        "supports-color": "^5.3.0"
      },
      "engines": {
        "node": ">=4"
      }
    },
    "node_modules/@babel/highlight/node_modules/color-convert": {
      "version": "1.9.3",
      "resolved": "https://registry.npmjs.org/color-convert/-/color-convert-1.9.3.tgz",
      "integrity": "sha512-QfAUtd+vFdAtFQcC8CCyYt1fYWxSqAiK2cSD6zDB8N3cpsEBAvRxp9zOGg6G/SHHJYAT88/az/IuDGALsNVbGg==",
      "dev": true,
      "dependencies": {
        "color-name": "1.1.3"
      }
    },
    "node_modules/@babel/highlight/node_modules/color-name": {
      "version": "1.1.3",
      "resolved": "https://registry.npmjs.org/color-name/-/color-name-1.1.3.tgz",
      "integrity": "sha512-72fSenhMw2HZMTVHeCA9KCmpEIbzWiQsjN+BHcBbS9vr1mtt+vJjPdksIBNUmKAW8TFUDPJK5SUU3QhE9NEXDw==",
      "dev": true
    },
    "node_modules/@babel/highlight/node_modules/escape-string-regexp": {
      "version": "1.0.5",
      "resolved": "https://registry.npmjs.org/escape-string-regexp/-/escape-string-regexp-1.0.5.tgz",
      "integrity": "sha512-vbRorB5FUQWvla16U8R/qgaFIya2qGzwDrNmCZuYKrbdSUMG6I1ZCGQRefkRVhuOkIGVne7BQ35DSfo1qvJqFg==",
      "dev": true,
      "engines": {
        "node": ">=0.8.0"
      }
    },
    "node_modules/@babel/highlight/node_modules/has-flag": {
      "version": "3.0.0",
      "resolved": "https://registry.npmjs.org/has-flag/-/has-flag-3.0.0.tgz",
      "integrity": "sha512-sKJf1+ceQBr4SMkvQnBDNDtf4TXpVhVGateu0t918bl30FnbE2m4vNLX+VWe/dpjlb+HugGYzW7uQXH98HPEYw==",
      "dev": true,
      "engines": {
        "node": ">=4"
      }
    },
    "node_modules/@babel/highlight/node_modules/supports-color": {
      "version": "5.5.0",
      "resolved": "https://registry.npmjs.org/supports-color/-/supports-color-5.5.0.tgz",
      "integrity": "sha512-QjVjwdXIt408MIiAqCX4oUKsgU2EqAGzs2Ppkm4aQYbjm+ZEWEcW4SfFNTr4uMNZma0ey4f5lgLrkB0aX0QMow==",
      "dev": true,
      "dependencies": {
        "has-flag": "^3.0.0"
      },
      "engines": {
        "node": ">=4"
      }
    },
    "node_modules/@babel/runtime": {
      "version": "7.22.6",
      "resolved": "https://registry.npmjs.org/@babel/runtime/-/runtime-7.22.6.tgz",
      "integrity": "sha512-wDb5pWm4WDdF6LFUde3Jl8WzPA+3ZbxYqkC6xAXuD3irdEHN1k0NfTRrJD8ZD378SJ61miMLCqIOXYhd8x+AJQ==",
      "dependencies": {
        "regenerator-runtime": "^0.13.11"
      },
      "engines": {
        "node": ">=6.9.0"
      }
    },
    "node_modules/@coinbase/wallet-sdk": {
      "version": "3.7.1",
      "resolved": "https://registry.npmjs.org/@coinbase/wallet-sdk/-/wallet-sdk-3.7.1.tgz",
      "integrity": "sha512-LjyoDCB+7p0waQXfK+fUgcAs3Ezk6S6e+LYaoFjpJ6c9VTop3NyZF40Pi7df4z7QJohCwzuIDjz0Rhtig6Y7Pg==",
      "dependencies": {
        "@metamask/safe-event-emitter": "2.0.0",
        "@solana/web3.js": "^1.70.1",
        "bind-decorator": "^1.0.11",
        "bn.js": "^5.1.1",
        "buffer": "^6.0.3",
        "clsx": "^1.1.0",
        "eth-block-tracker": "6.1.0",
        "eth-json-rpc-filters": "5.1.0",
        "eth-rpc-errors": "4.0.2",
        "json-rpc-engine": "6.1.0",
        "keccak": "^3.0.1",
        "preact": "^10.5.9",
        "qs": "^6.10.3",
        "rxjs": "^6.6.3",
        "sha.js": "^2.4.11",
        "stream-browserify": "^3.0.0",
        "util": "^0.12.4"
      },
      "engines": {
        "node": ">= 10.0.0"
      }
    },
    "node_modules/@coinbase/wallet-sdk/node_modules/buffer": {
      "version": "6.0.3",
      "resolved": "https://registry.npmjs.org/buffer/-/buffer-6.0.3.tgz",
      "integrity": "sha512-FTiCpNxtwiZZHEZbcbTIcZjERVICn9yq/pDFkTl95/AxzD1naBctN7YO68riM/gLSDY7sdrMby8hofADYuuqOA==",
      "funding": [
        {
          "type": "github",
          "url": "https://github.com/sponsors/feross"
        },
        {
          "type": "patreon",
          "url": "https://www.patreon.com/feross"
        },
        {
          "type": "consulting",
          "url": "https://feross.org/support"
        }
      ],
      "dependencies": {
        "base64-js": "^1.3.1",
        "ieee754": "^1.2.1"
      }
    },
    "node_modules/@coinbase/wallet-sdk/node_modules/rxjs": {
      "version": "6.6.7",
      "resolved": "https://registry.npmjs.org/rxjs/-/rxjs-6.6.7.tgz",
      "integrity": "sha512-hTdwr+7yYNIT5n4AMYp85KA6yw2Va0FLa3Rguvbpa4W3I5xynaBZo41cM3XM+4Q6fRMj3sBYIR1VAmZMXYJvRQ==",
      "dependencies": {
        "tslib": "^1.9.0"
      },
      "engines": {
